
Microsoft Visual Studio Solution File, Format Version 12.00
# Visual Studio Version 16
VisualStudioVersion = 16.0.31112.23
MinimumVisualStudioVersion = 10.0.40219.1
Project("{FAE04EC0-301F-11D3-BF4B-00C04F79EFBC}") = "MemoryBucket", "MemoryBucket.csproj", "{DD8B67C1-F66A-4A3D-946D-2519B6CA2A0F}"
EndProject
Global
	GlobalSection(SolutionConfigurationPlatforms) = preSolution
		Debug|Any CPU = Debug|Any CPU
		Release|Any CPU = Release|Any CPU
	EndGlobalSection
	GlobalSection(ProjectConfigurationPlatforms) = postSolution
		{DD8B67C1-F66A-4A3D-946D-2519B6CA2A0F}.Debug|Any CPU.ActiveCfg = Debug|Any CPU
		{DD8B67C1-F66A-4A3D-946D-2519B6CA2A0F}.Debug|Any CPU.Build.0 = Debug|Any CPU
		{DD8B67C1-F66A-4A3D-946D-2519B6CA2A0F}.Release|Any CPU.ActiveCfg = Release|Any CPU
		{DD8B67C1-F66A-4A3D-946D-2519B6CA2A0F}.Release|Any CPU.Build.0 = Release|Any CPU
	EndGlobalSection
	GlobalSection(SolutionProperties) = preSolution
		HideSolutionNode = FALSE
	EndGlobalSection
	GlobalSection(ExtensibilityGlobals) = postSolution
		SolutionGuid = {397C78B2-FCB2-4EB3-83F6-FB20BAE32179}
	EndGlobalSection
EndGlobal
